
Microsoft Visual Studio Solution File, Format Version 12.00
Project("{FAE04EC0-301F-11D3-BF4B-00C04F79EFBC}") = "FormulaAirline", "FormulaAirline\FormulaAirline.csproj", "{5A028C37-1DFE-4DE5-B620-448E78DCACEE}"
EndProject
Global
	GlobalSection(SolutionConfigurationPlatforms) = preSolution
		Debug|Any CPU = Debug|Any CPU
		Release|Any CPU = Release|Any CPU
	EndGlobalSection
	GlobalSection(ProjectConfigurationPlatforms) = postSolution
		{5A028C37-1DFE-4DE5-B620-448E78DCACEE}.Debug|Any CPU.ActiveCfg = Debug|Any CPU
		{5A028C37-1DFE-4DE5-B620-448E78DCACEE}.Debug|Any CPU.Build.0 = Debug|Any CPU
		{5A028C37-1DFE-4DE5-B620-448E78DCACEE}.Release|Any CPU.ActiveCfg = Release|Any CPU
		{5A028C37-1DFE-4DE5-B620-448E78DCACEE}.Release|Any CPU.Build.0 = Release|Any CPU
	EndGlobalSection
EndGlobal
